
Microsoft Visual Studio Solution File, Format Version 12.00
# Visual Studio 15
VisualStudioVersion = 15.0.28307.329
MinimumVisualStudioVersion = 10.0.40219.1
Project("{FAE04EC0-301F-11D3-BF4B-00C04F79EFBC}") = "PriorityQueueArray", "Stucks_Decks_Queues\PriorityQueueArray.csproj", "{EF99BAC1-6538-4C7D-8B7B-33768E3D9A20}"
EndProject
Project("{FAE04EC0-301F-11D3-BF4B-00C04F79EFBC}") = "PriorityQueueList", "PriorityQueueList\PriorityQueueList.csproj", "{AE659A31-86D5-4894-9CD6-F4ECFCDEBD30}"
EndProject
Project("{FAE04EC0-301F-11D3-BF4B-00C04F79EFBC}") = "DequeArray", "Deque\DequeArray.csproj", "{3890871C-85DB-4B92-A512-6F5DD363CA2B}"
EndProject
Project("{FAE04EC0-301F-11D3-BF4B-00C04F79EFBC}") = "StackList", "StackList\StackList.csproj", "{48960795-2C5C-42BA-B145-6A64E2D285B9}"
EndProject
Global
	GlobalSection(SolutionConfigurationPlatforms) = preSolution
		Debug|Any CPU = Debug|Any CPU
		Release|Any CPU = Release|Any CPU
	EndGlobalSection
	GlobalSection(ProjectConfigurationPlatforms) = postSolution
		{EF99BAC1-6538-4C7D-8B7B-33768E3D9A20}.Debug|Any CPU.ActiveCfg = Debug|Any CPU
		{EF99BAC1-6538-4C7D-8B7B-33768E3D9A20}.Debug|Any CPU.Build.0 = Debug|Any CPU
		{EF99BAC1-6538-4C7D-8B7B-33768E3D9A20}.Release|Any CPU.ActiveCfg = Release|Any CPU
		{EF99BAC1-6538-4C7D-8B7B-33768E3D9A20}.Release|Any CPU.Build.0 = Release|Any CPU
		{AE659A31-86D5-4894-9CD6-F4ECFCDEBD30}.Debug|Any CPU.ActiveCfg = Debug|Any CPU
		{AE659A31-86D5-4894-9CD6-F4ECFCDEBD30}.Debug|Any CPU.Build.0 = Debug|Any CPU
		{AE659A31-86D5-4894-9CD6-F4ECFCDEBD30}.Release|Any CPU.ActiveCfg = Release|Any CPU
		{AE659A31-86D5-4894-9CD6-F4ECFCDEBD30}.Release|Any CPU.Build.0 = Release|Any CPU
		{3890871C-85DB-4B92-A512-6F5DD363CA2B}.Debug|Any CPU.ActiveCfg = Debug|Any CPU
		{3890871C-85DB-4B92-A512-6F5DD363CA2B}.Debug|Any CPU.Build.0 = Debug|Any CPU
		{3890871C-85DB-4B92-A512-6F5DD363CA2B}.Release|Any CPU.ActiveCfg = Release|Any CPU
		{3890871C-85DB-4B92-A512-6F5DD363CA2B}.Release|Any CPU.Build.0 = Release|Any CPU
		{48960795-2C5C-42BA-B145-6A64E2D285B9}.Debug|Any CPU.ActiveCfg = Debug|Any CPU
		{48960795-2C5C-42BA-B145-6A64E2D285B9}.Debug|Any CPU.Build.0 = Debug|Any CPU
		{48960795-2C5C-42BA-B145-6A64E2D285B9}.Release|Any CPU.ActiveCfg = Release|Any CPU
		{48960795-2C5C-42BA-B145-6A64E2D285B9}.Release|Any CPU.Build.0 = Release|Any CPU
	EndGlobalSection
	GlobalSection(SolutionProperties) = preSolution
		HideSolutionNode = FALSE
	EndGlobalSection
	GlobalSection(ExtensibilityGlobals) = postSolution
		SolutionGuid = {D63CDE44-748C-4527-8913-71F66FD53CBC}
	EndGlobalSection
EndGlobal
